// !$*UTF8*$!
{
	archiveVersion = 1;
	classes = {
	};
	objectVersion = 46;
	objects = {

/* Begin PBXBuildFile section */
		351929C01BF078DB00973B6E /* icon.png in Resources */ = {isa = PBXBuildFile; fileRef = 351929BF1BF078DB00973B6E /* icon.png */; };
		B18319921BF00CBC004E314C /* main.m in Sources */ = {isa = PBXBuildFile; fileRef = B18319911BF00CBC004E314C /* main.m */; };
		B18319951BF00CBC004E314C /* AppDelegate.m in Sources */ = {isa = PBXBuildFile; fileRef = B18319941BF00CBC004E314C /* AppDelegate.m */; };
		B18319981BF00CBC004E314C /* ViewController.m in Sources */ = {isa = PBXBuildFile; fileRef = B18319971BF00CBC004E314C /* ViewController.m */; };
		B183199B1BF00CBC004E314C /* Main.storyboard in Resources */ = {isa = PBXBuildFile; fileRef = B18319991BF00CBC004E314C /* Main.storyboard */; };
		B183199D1BF00CBC004E314C /* Assets.xcassets in Resources */ = {isa = PBXBuildFile; fileRef = B183199C1BF00CBC004E314C /* Assets.xcassets */; };
		B18319AB1BF00CBC004E314C /* ZMCalendarPickerTests.m in Sources */ = {isa = PBXBuildFile; fileRef = B18319AA1BF00CBC004E314C /* ZMCalendarPickerTests.m */; };
		B18319B61BF00CBD004E314C /* ZMCalendarPickerUITests.m in Sources */ = {isa = PBXBuildFile; fileRef = B18319B51BF00CBD004E314C /* ZMCalendarPickerUITests.m */; };
		B18319CB1BF00D5F004E314C /* UIView+FRAME.m in Sources */ = {isa = PBXBuildFile; fileRef = B18319C61BF00D5F004E314C /* UIView+FRAME.m */; };
		B18319CC1BF00D5F004E314C /* bt_next@2x.png in Resources */ = {isa = PBXBuildFile; fileRef = B18319C81BF00D5F004E314C /* bt_next@2x.png */; };
		B18319CD1BF00D5F004E314C /* bt_previous@2x.png in Resources */ = {isa = PBXBuildFile; fileRef = B18319C91BF00D5F004E314C /* bt_previous@2x.png */; };
		B18319D11BF00D9C004E314C /* NSDateComponents+DealDate.m in Sources */ = {isa = PBXBuildFile; fileRef = B18319D01BF00D9C004E314C /* NSDateComponents+DealDate.m */; };
		B18319D41BF00EAC004E314C /* UIColor+HEXString.m in Sources */ = {isa = PBXBuildFile; fileRef = B18319D31BF00EAC004E314C /* UIColor+HEXString.m */; };
		B18319D71BF00ED2004E314C /* ZMCalendarCell.m in Sources */ = {isa = PBXBuildFile; fileRef = B18319D61BF00ED2004E314C /* ZMCalendarCell.m */; };
		B18319DA1BF00FBA004E314C /* ZMCalendarPicker.m in Sources */ = {isa = PBXBuildFile; fileRef = B18319D91BF00FBA004E314C /* ZMCalendarPicker.m */; };
/* End PBXBuildFile section */

/* Begin PBXContainerItemProxy section */
		B18319A71BF00CBC004E314C /* PBXContainerItemProxy */ = {
			isa = PBXContainerItemProxy;
			containerPortal = B18319851BF00CBC004E314C /* Project object */;
			proxyType = 1;
			remoteGlobalIDString = B183198C1BF00CBC004E314C;
			remoteInfo = ZMCalendarPicker;
		};
		B18319B21BF00CBD004E314C /* PBXContainerItemProxy */ = {
			isa = PBXContainerItemProxy;
			containerPortal = B18319851BF00CBC004E314C /* Project object */;
			proxyType = 1;
			remoteGlobalIDString = B183198C1BF00CBC004E314C;
			remoteInfo = ZMCalendarPicker;
		};
/* End PBXContainerItemProxy section */

/* Begin PBXFileReference section */
		351929BF1BF078DB00973B6E /* icon.png */ = {isa = PBXFileReference; lastKnownFileType = image.png; path = icon.png; sourceTree = "<group>"; };
		B183198D1BF00CBC004E314C /* ZMCalendarPicker.app */ = {isa = PBXFileReference; explicitFileType = wrapper.application; includeInIndex = 0; path = ZMCalendarPicker.app; sourceTree = BUILT_PRODUCTS_DIR; };
		B18319911BF00CBC004E314C /* main.m */ = {isa = PBXFileReference; lastKnownFileType = sourcecode.c.objc; path = main.m; sourceTree = "<group>"; };
		B18319931BF00CBC004E314C /* AppDelegate.h */ = {isa = PBXFileReference; lastKnownFileType = sourcecode.c.h; path = AppDelegate.h; sourceTree = "<group>"; };
		B18319941BF00CBC004E314C /* AppDelegate.m */ = {isa = PBXFileReference; lastKnownFileType = sourcecode.c.objc; path = AppDelegate.m; sourceTree = "<group>"; };
		B18319961BF00CBC004E314C /* ViewController.h */ = {isa = PBXFileReference; lastKnownFileType = sourcecode.c.h; path = ViewController.h; sourceTree = "<group>"; };
		B18319971BF00CBC004E314C /* ViewController.m */ = {isa = PBXFileReference; lastKnownFileType = sourcecode.c.objc; path = ViewController.m; sourceTree = "<group>"; };
		B183199A1BF00CBC004E314C /* Base */ = {isa = PBXFileReference; lastKnownFileType = file.storyboard; name = Base; path = Base.lproj/Main.storyboard; sourceTree = "<group>"; };
		B183199C1BF00CBC004E314C /* Assets.xcassets */ = {isa = PBXFileReference; lastKnownFileType = folder.assetcatalog; path = Assets.xcassets; sourceTree = "<group>"; };
		B18319A11BF00CBC004E314C /* Info.plist */ = {isa = PBXFileReference; lastKnownFileType = text.plist.xml; path = Info.plist; sourceTree = "<group>"; };
		B18319A61BF00CBC004E314C /* ZMCalendarPickerTests.xctest */ = {isa = PBXFileReference; explicitFileType = wrapper.cfbundle; includeInIndex = 0; path = ZMCalendarPickerTests.xctest; sourceTree = BUILT_PRODUCTS_DIR; };
		B18319AA1BF00CBC004E314C /* ZMCalendarPickerTests.m */ = {isa = PBXFileReference; lastKnownFileType = sourcecode.c.objc; path = ZMCalendarPickerTests.m; sourceTree = "<group>"; };
		B18319AC1BF00CBC004E314C /* Info.plist */ = {isa = PBXFileReference; lastKnownFileType = text.plist.xml; path = Info.plist; sourceTree = "<group>"; };
		B18319B11BF00CBD004E314C /* ZMCalendarPickerUITests.xctest */ = {isa = PBXFileReference; explicitFileType = wrapper.cfbundle; includeInIndex = 0; path = ZMCalendarPickerUITests.xctest; sourceTree = BUILT_PRODUCTS_DIR; };
		B18319B51BF00CBD004E314C /* ZMCalendarPickerUITests.m */ = {isa = PBXFileReference; lastKnownFileType = sourcecode.c.objc; path = ZMCalendarPickerUITests.m; sourceTree = "<group>"; };
		B18319B71BF00CBD004E314C /* Info.plist */ = {isa = PBXFileReference; lastKnownFileType = text.plist.xml; path = Info.plist; sourceTree = "<group>"; };
		B18319C51BF00D5F004E314C /* UIView+FRAME.h */ = {isa = PBXFileReference; fileEncoding = 4; lastKnownFileType = sourcecode.c.h; path = "UIView+FRAME.h"; sourceTree = "<group>"; };
		B18319C61BF00D5F004E314C /* UIView+FRAME.m */ = {isa = PBXFileReference; fileEncoding = 4; lastKnownFileType = sourcecode.c.objc; path = "UIView+FRAME.m"; sourceTree = "<group>"; };
		B18319C81BF00D5F004E314C /* bt_next@2x.png */ = {isa = PBXFileReference; lastKnownFileType = image.png; path = "bt_next@2x.png"; sourceTree = "<group>"; };
		B18319C91BF00D5F004E314C /* bt_previous@2x.png */ = {isa = PBXFileReference; lastKnownFileType = image.png; path = "bt_previous@2x.png"; sourceTree = "<group>"; };
		B18319CF1BF00D9C004E314C /* NSDateComponents+DealDate.h */ = {isa = PBXFileReference; fileEncoding = 4; lastKnownFileType = sourcecode.c.h; path = "NSDateComponents+DealDate.h"; sourceTree = "<group>"; };
		B18319D01BF00D9C004E314C /* NSDateComponents+DealDate.m */ = {isa = PBXFileReference; fileEncoding = 4; lastKnownFileType = sourcecode.c.objc; path = "NSDateComponents+DealDate.m"; sourceTree = "<group>"; };
		B18319D21BF00EAC004E314C /* UIColor+HEXString.h */ = {isa = PBXFileReference; fileEncoding = 4; lastKnownFileType = sourcecode.c.h; path = "UIColor+HEXString.h"; sourceTree = "<group>"; };
		B18319D31BF00EAC004E314C /* UIColor+HEXString.m */ = {isa = PBXFileReference; fileEncoding = 4; lastKnownFileType = sourcecode.c.objc; path = "UIColor+HEXString.m"; sourceTree = "<group>"; };
		B18319D51BF00ED2004E314C /* ZMCalendarCell.h */ = {isa = PBXFileReference; fileEncoding = 4; lastKnownFileType = sourcecode.c.h; path = ZMCalendarCell.h; sourceTree = "<group>"; };
		B18319D61BF00ED2004E314C /* ZMCalendarCell.m */ = {isa = PBXFileReference; fileEncoding = 4; lastKnownFileType = sourcecode.c.objc; path = ZMCalendarCell.m; sourceTree = "<group>"; };
		B18319D81BF00FBA004E314C /* ZMCalendarPicker.h */ = {isa = PBXFileReference; fileEncoding = 4; lastKnownFileType = sourcecode.c.h; path = ZMCalendarPicker.h; sourceTree = "<group>"; };
		B18319D91BF00FBA004E314C /* ZMCalendarPicker.m */ = {isa = PBXFileReference; fileEncoding = 4; lastKnownFileType = sourcecode.c.objc; path = ZMCalendarPicker.m; sourceTree = "<group>"; };
/* End PBXFileReference section */

/* Begin PBXFrameworksBuildPhase section */
		B183198A1BF00CBC004E314C /* Frameworks */ = {
			isa = PBXFrameworksBuildPhase;
			buildActionMask = 2147483647;
			files = (
			);
			runOnlyForDeploymentPostprocessing = 0;
		};
		B18319A31BF00CBC004E314C /* Frameworks */ = {
			isa = PBXFrameworksBuildPhase;
			buildActionMask = 2147483647;
			files = (
			);
			runOnlyForDeploymentPostprocessing = 0;
		};
		B18319AE1BF00CBD004E314C /* Frameworks */ = {
			isa = PBXFrameworksBuildPhase;
			buildActionMask = 2147483647;
			files = (
			);
			runOnlyForDeploymentPostprocessing = 0;
		};
/* End PBXFrameworksBuildPhase section */

/* Begin PBXGroup section */
		B18319841BF00CBC004E314C = {
			isa = PBXGroup;
			children = (
				B183198F1BF00CBC004E314C /* ZMCalendarPicker */,
				B18319A91BF00CBC004E314C /* ZMCalendarPickerTests */,
				B18319B41BF00CBD004E314C /* ZMCalendarPickerUITests */,
				B183198E1BF00CBC004E314C /* Products */,
			);
			sourceTree = "<group>";
		};
		B183198E1BF00CBC004E314C /* Products */ = {
			isa = PBXGroup;
			children = (
				B183198D1BF00CBC004E314C /* ZMCalendarPicker.app */,
				B18319A61BF00CBC004E314C /* ZMCalendarPickerTests.xctest */,
				B18319B11BF00CBD004E314C /* ZMCalendarPickerUITests.xctest */,
			);
			name = Products;
			sourceTree = "<group>";
		};
		B183198F1BF00CBC004E314C /* ZMCalendarPicker */ = {
			isa = PBXGroup;
			children = (
				B18319C31BF00D5F004E314C /* ZMCalendarPicker */,
				B18319931BF00CBC004E314C /* AppDelegate.h */,
				B18319941BF00CBC004E314C /* AppDelegate.m */,
				B18319961BF00CBC004E314C /* ViewController.h */,
				B18319971BF00CBC004E314C /* ViewController.m */,
				B18319991BF00CBC004E314C /* Main.storyboard */,
				B183199C1BF00CBC004E314C /* Assets.xcassets */,
				B18319A11BF00CBC004E314C /* Info.plist */,
				B18319901BF00CBC004E314C /* Supporting Files */,
			);
			path = ZMCalendarPicker;
			sourceTree = "<group>";
		};
		B18319901BF00CBC004E314C /* Supporting Files */ = {
			isa = PBXGroup;
			children = (
				351929BF1BF078DB00973B6E /* icon.png */,
				B18319911BF00CBC004E314C /* main.m */,
			);
			name = "Supporting Files";
			sourceTree = "<group>";
		};
		B18319A91BF00CBC004E314C /* ZMCalendarPickerTests */ = {
			isa = PBXGroup;
			children = (
				B18319AA1BF00CBC004E314C /* ZMCalendarPickerTests.m */,
				B18319AC1BF00CBC004E314C /* Info.plist */,
			);
			path = ZMCalendarPickerTests;
			sourceTree = "<group>";
		};
		B18319B41BF00CBD004E314C /* ZMCalendarPickerUITests */ = {
			isa = PBXGroup;
			children = (
				B18319B51BF00CBD004E314C /* ZMCalendarPickerUITests.m */,
				B18319B71BF00CBD004E314C /* Info.plist */,
			);
			path = ZMCalendarPickerUITests;
			sourceTree = "<group>";
		};
		B18319C31BF00D5F004E314C /* ZMCalendarPicker */ = {
			isa = PBXGroup;
			children = (
				B18319C41BF00D5F004E314C /* Category */,
				B18319C71BF00D5F004E314C /* Resource */,
				B18319D51BF00ED2004E314C /* ZMCalendarCell.h */,
				B18319D61BF00ED2004E314C /* ZMCalendarCell.m */,
				B18319D81BF00FBA004E314C /* ZMCalendarPicker.h */,
				B18319D91BF00FBA004E314C /* ZMCalendarPicker.m */,
			);
			path = ZMCalendarPicker;
			sourceTree = "<group>";
		};
		B18319C41BF00D5F004E314C /* Category */ = {
			isa = PBXGroup;
			children = (
				B18319C51BF00D5F004E314C /* UIView+FRAME.h */,
				B18319C61BF00D5F004E314C /* UIView+FRAME.m */,
				B18319CF1BF00D9C004E314C /* NSDateComponents+DealDate.h */,
				B18319D01BF00D9C004E314C /* NSDateComponents+DealDate.m */,
				B18319D21BF00EAC004E314C /* UIColor+HEXString.h */,
				B18319D31BF00EAC004E314C /* UIColor+HEXString.m */,
			);
			path = Category;
			sourceTree = "<group>";
		};
		B18319C71BF00D5F004E314C /* Resource */ = {
			isa = PBXGroup;
			children = (
				B18319C81BF00D5F004E314C /* bt_next@2x.png */,
				B18319C91BF00D5F004E314C /* bt_previous@2x.png */,
			);
			path = Resource;
			sourceTree = "<group>";
		};
/* End PBXGroup section */

/* Begin PBXNativeTarget section */
		B183198C1BF00CBC004E314C /* ZMCalendarPicker */ = {
			isa = PBXNativeTarget;
			buildConfigurationList = B18319BA1BF00CBD004E314C /* Build configuration list for PBXNativeTarget "ZMCalendarPicker" */;
			buildPhases = (
				B18319891BF00CBC004E314C /* Sources */,
				B183198A1BF00CBC004E314C /* Frameworks */,
				B183198B1BF00CBC004E314C /* Resources */,
			);
			buildRules = (
			);
			dependencies = (
			);
			name = ZMCalendarPicker;
			productName = ZMCalendarPicker;
			productReference = B183198D1BF00CBC004E314C /* ZMCalendarPicker.app */;
			productType = "com.apple.product-type.application";
		};
		B18319A51BF00CBC004E314C /* ZMCalendarPickerTests */ = {
			isa = PBXNativeTarget;
			buildConfigurationList = B18319BD1BF00CBD004E314C /* Build configuration list for PBXNativeTarget "ZMCalendarPickerTests" */;
			buildPhases = (
				B18319A21BF00CBC004E314C /* Sources */,
				B18319A31BF00CBC004E314C /* Frameworks */,
				B18319A41BF00CBC004E314C /* Resources */,
			);
			buildRules = (
			);
			dependencies = (
				B18319A81BF00CBC004E314C /* PBXTargetDependency */,
			);
			name = ZMCalendarPickerTests;
			productName = ZMCalendarPickerTests;
			productReference = B18319A61BF00CBC004E314C /* ZMCalendarPickerTests.xctest */;
			productType = "com.apple.product-type.bundle.unit-test";
		};
		B18319B01BF00CBD004E314C /* ZMCalendarPickerUITests */ = {
			isa = PBXNativeTarget;
			buildConfigurationList = B18319C01BF00CBD004E314C /* Build configuration list for PBXNativeTarget "ZMCalendarPickerUITests" */;
			buildPhases = (
				B18319AD1BF00CBD004E314C /* Sources */,
				B18319AE1BF00CBD004E314C /* Frameworks */,
				B18319AF1BF00CBD004E314C /* Resources */,
			);
			buildRules = (
			);
			dependencies = (
				B18319B31BF00CBD004E314C /* PBXTargetDependency */,
			);
			name = ZMCalendarPickerUITests;
			productName = ZMCalendarPickerUITests;
			productReference = B18319B11BF00CBD004E314C /* ZMCalendarPickerUITests.xctest */;
			productType = "com.apple.product-type.bundle.ui-testing";
		};
/* End PBXNativeTarget section */

/* Begin PBXProject section */
		B18319851BF00CBC004E314C /* Project object */ = {
			isa = PBXProject;
			attributes = {
				LastUpgradeCheck = 0710;
				ORGANIZATIONNAME = "Arron Zhu";
				TargetAttributes = {
					B183198C1BF00CBC004E314C = {
						CreatedOnToolsVersion = 7.1;
					};
					B18319A51BF00CBC004E314C = {
						CreatedOnToolsVersion = 7.1;
						TestTargetID = B183198C1BF00CBC004E314C;
					};
					B18319B01BF00CBD004E314C = {
						CreatedOnToolsVersion = 7.1;
						TestTargetID = B183198C1BF00CBC004E314C;
					};
				};
			};
			buildConfigurationList = B18319881BF00CBC004E314C /* Build configuration list for PBXProject "ZMCalendarPicker" */;
			compatibilityVersion = "Xcode 3.2";
			developmentRegion = English;
			hasScannedForEncodings = 0;
			knownRegions = (
				en,
				Base,
			);
			mainGroup = B18319841BF00CBC004E314C;
			productRefGroup = B183198E1BF00CBC004E314C /* Products */;
			projectDirPath = "";
			projectRoot = "";
			targets = (
				B183198C1BF00CBC004E314C /* ZMCalendarPicker */,
				B18319A51BF00CBC004E314C /* ZMCalendarPickerTests */,
				B18319B01BF00CBD004E314C /* ZMCalendarPickerUITests */,
			);
		};
/* End PBXProject section */

/* Begin PBXResourcesBuildPhase section */
		B183198B1BF00CBC004E314C /* Resources */ = {
			isa = PBXResourcesBuildPhase;
			buildActionMask = 2147483647;
			files = (
				B18319CD1BF00D5F004E314C /* bt_previous@2x.png in Resources */,
				351929C01BF078DB00973B6E /* icon.png in Resources */,
				B183199D1BF00CBC004E314C /* Assets.xcassets in Resources */,
				B183199B1BF00CBC004E314C /* Main.storyboard in Resources */,
				B18319CC1BF00D5F004E314C /* bt_next@2x.png in Resources */,
			);
			runOnlyForDeploymentPostprocessing = 0;
		};
		B18319A41BF00CBC004E314C /* Resources */ = {
			isa = PBXResourcesBuildPhase;
			buildActionMask = 2147483647;
			files = (
			);
			runOnlyForDeploymentPostprocessing = 0;
		};
		B18319AF1BF00CBD004E314C /* Resources */ = {
			isa = PBXResourcesBuildPhase;
			buildActionMask = 2147483647;
			files = (
			);
			runOnlyForDeploymentPostprocessing = 0;
		};
/* End PBXResourcesBuildPhase section */

/* Begin PBXSourcesBuildPhase section */
		B18319891BF00CBC004E314C /* Sources */ = {
			isa = PBXSourcesBuildPhase;
			buildActionMask = 2147483647;
			files = (
				B18319D11BF00D9C004E314C /* NSDateComponents+DealDate.m in Sources */,
				B18319CB1BF00D5F004E314C /* UIView+FRAME.m in Sources */,
				B18319981BF00CBC004E314C /* ViewController.m in Sources */,
				B18319951BF00CBC004E314C /* AppDelegate.m in Sources */,
				B18319DA1BF00FBA004E314C /* ZMCalendarPicker.m in Sources */,
				B18319D41BF00EAC004E314C /* UIColor+HEXString.m in Sources */,
				B18319D71BF00ED2004E314C /* ZMCalendarCell.m in Sources */,
				B18319921BF00CBC004E314C /* main.m in Sources */,
			);
			runOnlyForDeploymentPostprocessing = 0;
		};
		B18319A21BF00CBC004E314C /* Sources */ = {
			isa = PBXSourcesBuildPhase;
			buildActionMask = 2147483647;
			files = (
				B18319AB1BF00CBC004E314C /* ZMCalendarPickerTests.m in Sources */,
			);
			runOnlyForDeploymentPostprocessing = 0;
		};
		B18319AD1BF00CBD004E314C /* Sources */ = {
			isa = PBXSourcesBuildPhase;
			buildActionMask = 2147483647;
			files = (
				B18319B61BF00CBD004E314C /* ZMCalendarPickerUITests.m in Sources */,
			);
			runOnlyForDeploymentPostprocessing = 0;
		};
/* End PBXSourcesBuildPhase section */

/* Begin PBXTargetDependency section */
		B18319A81BF00CBC004E314C /* PBXTargetDependency */ = {
			isa = PBXTargetDependency;
			target = B183198C1BF00CBC004E314C /* ZMCalendarPicker */;
			targetProxy = B18319A71BF00CBC004E314C /* PBXContainerItemProxy */;
		};
		B18319B31BF00CBD004E314C /* PBXTargetDependency */ = {
			isa = PBXTargetDependency;
			target = B183198C1BF00CBC004E314C /* ZMCalendarPicker */;
			targetProxy = B18319B21BF00CBD004E314C /* PBXContainerItemProxy */;
		};
/* End PBXTargetDependency section */

/* Begin PBXVariantGroup section */
		B18319991BF00CBC004E314C /* Main.storyboard */ = {
			isa = PBXVariantGroup;
			children = (
				B183199A1BF00CBC004E314C /* Base */,
			);
			name = Main.storyboard;
			sourceTree = "<group>";
		};
/* End PBXVariantGroup section */

/* Begin XCBuildConfiguration section */
		B18319B81BF00CBD004E314C /* Debug */ = {
			isa = XCBuildConfiguration;
			buildSettings = {
				ALWAYS_SEARCH_USER_PATHS = NO;
				CLANG_CXX_LANGUAGE_STANDARD = "gnu++0x";
				CLANG_CXX_LIBRARY = "libc++";
				CLANG_ENABLE_MODULES = YES;
				CLANG_ENABLE_OBJC_ARC = YES;
				CLANG_WARN_BOOL_CONVERSION = YES;
				CLANG_WARN_CONSTANT_CONVERSION = YES;
				CLANG_WARN_DIRECT_OBJC_ISA_USAGE = YES_ERROR;
				CLANG_WARN_EMPTY_BODY = YES;
				CLANG_WARN_ENUM_CONVERSION = YES;
				CLANG_WARN_INT_CONVERSION = YES;
				CLANG_WARN_OBJC_ROOT_CLASS = YES_ERROR;
				CLANG_WARN_UNREACHABLE_CODE = YES;
				CLANG_WARN__DUPLICATE_METHOD_MATCH = YES;
				"CODE_SIGN_IDENTITY[sdk=iphoneos*]" = "iPhone Developer";
				COPY_PHASE_STRIP = NO;
				DEBUG_INFORMATION_FORMAT = dwarf;
				ENABLE_STRICT_OBJC_MSGSEND = YES;
				ENABLE_TESTABILITY = YES;
				GCC_C_LANGUAGE_STANDARD = gnu99;
				GCC_DYNAMIC_NO_PIC = NO;
				GCC_NO_COMMON_BLOCKS = YES;
				GCC_OPTIMIZATION_LEVEL = 0;
				GCC_PREPROCESSOR_DEFINITIONS = (
					"DEBUG=1",
					"$(inherited)",
				);
				GCC_WARN_64_TO_32_BIT_CONVERSION = YES;
				GCC_WARN_ABOUT_RETURN_TYPE = YES_ERROR;
				GCC_WARN_UNDECLARED_SELECTOR = YES;
				GCC_WARN_UNINITIALIZED_AUTOS = YES_AGGRESSIVE;
				GCC_WARN_UNUSED_FUNCTION = YES;
				GCC_WARN_UNUSED_VARIABLE = YES;
				IPHONEOS_DEPLOYMENT_TARGET = 9.1;
				MTL_ENABLE_DEBUG_INFO = YES;
				ONLY_ACTIVE_ARCH = YES;
				SDKROOT = iphoneos;
			};
			name = Debug;
		};
		B18319B91BF00CBD004E314C /* Release */ = {
			isa = XCBuildConfiguration;
			buildSettings = {
				ALWAYS_SEARCH_USER_PATHS = NO;
				CLANG_CXX_LANGUAGE_STANDARD = "gnu++0x";
				CLANG_CXX_LIBRARY = "libc++";
				CLANG_ENABLE_MODULES = YES;
				CLANG_ENABLE_OBJC_ARC = YES;
				CLANG_WARN_BOOL_CONVERSION = YES;
				CLANG_WARN_CONSTANT_CONVERSION = YES;
				CLANG_WARN_DIRECT_OBJC_ISA_USAGE = YES_ERROR;
				CLANG_WARN_EMPTY_BODY = YES;
				CLANG_WARN_ENUM_CONVERSION = YES;
				CLANG_WARN_INT_CONVERSION = YES;
				CLANG_WARN_OBJC_ROOT_CLASS = YES_ERROR;
				CLANG_WARN_UNREACHABLE_CODE = YES;
				CLANG_WARN__DUPLICATE_METHOD_MATCH = YES;
				"CODE_SIGN_IDENTITY[sdk=iphoneos*]" = "iPhone Developer";
				COPY_PHASE_STRIP = NO;
				DEBUG_INFORMATION_FORMAT = "dwarf-with-dsym";
				ENABLE_NS_ASSERTIONS = NO;
				ENABLE_STRICT_OBJC_MSGSEND = YES;
				GCC_C_LANGUAGE_STANDARD = gnu99;
				GCC_NO_COMMON_BLOCKS = YES;
				GCC_WARN_64_TO_32_BIT_CONVERSION = YES;
				GCC_WARN_ABOUT_RETURN_TYPE = YES_ERROR;
				GCC_WARN_UNDECLARED_SELECTOR = YES;
				GCC_WARN_UNINITIALIZED_AUTOS = YES_AGGRESSIVE;
				GCC_WARN_UNUSED_FUNCTION = YES;
				GCC_WARN_UNUSED_VARIABLE = YES;
				IPHONEOS_DEPLOYMENT_TARGET = 9.1;
				MTL_ENABLE_DEBUG_INFO = NO;
				SDKROOT = iphoneos;
				VALIDATE_PRODUCT = YES;
			};
			name = Release;
		};
		B18319BB1BF00CBD004E314C /* Debug */ = {
			isa = XCBuildConfiguration;
			buildSettings = {
				ASSETCATALOG_COMPILER_LAUNCHIMAGE_NAME = LaunchImage;
				INFOPLIST_FILE = ZMCalendarPicker/Info.plist;
				IPHONEOS_DEPLOYMENT_TARGET = 8.0;
				LD_RUNPATH_SEARCH_PATHS = "$(inherited) @executable_path/Frameworks";
				PRODUCT_BUNDLE_IDENTIFIER = com.Arron.ZMCalendarPicker;
				PRODUCT_NAME = "$(TARGET_NAME)";
			};
			name = Debug;
		};
		B18319BC1BF00CBD004E314C /* Release */ = {
			isa = XCBuildConfiguration;
			buildSettings = {
				ASSETCATALOG_COMPILER_LAUNCHIMAGE_NAME = LaunchImage;
				INFOPLIST_FILE = ZMCalendarPicker/Info.plist;
				IPHONEOS_DEPLOYMENT_TARGET = 8.0;
				LD_RUNPATH_SEARCH_PATHS = "$(inherited) @executable_path/Frameworks";
				PRODUCT_BUNDLE_IDENTIFIER = com.Arron.ZMCalendarPicker;
				PRODUCT_NAME = "$(TARGET_NAME)";
			};
			name = Release;
		};
		B18319BE1BF00CBD004E314C /* Debug */ = {
			isa = XCBuildConfiguration;
			buildSettings = {
				BUNDLE_LOADER = "$(TEST_HOST)";
				INFOPLIST_FILE = ZMCalendarPickerTests/Info.plist;
				LD_RUNPATH_SEARCH_PATHS = "$(inherited) @executable_path/Frameworks @loader_path/Frameworks";
				PRODUCT_BUNDLE_IDENTIFIER = com.Arron.ZMCalendarPickerTests;
				PRODUCT_NAME = "$(TARGET_NAME)";
				TEST_HOST = "$(BUILT_PRODUCTS_DIR)/ZMCalendarPicker.app/ZMCalendarPicker";
			};
			name = Debug;
		};
		B18319BF1BF00CBD004E314C /* Release */ = {
			isa = XCBuildConfiguration;
			buildSettings = {
				BUNDLE_LOADER = "$(TEST_HOST)";
				INFOPLIST_FILE = ZMCalendarPickerTests/Info.plist;
				LD_RUNPATH_SEARCH_PATHS = "$(inherited) @executable_path/Frameworks @loader_path/Frameworks";
				PRODUCT_BUNDLE_IDENTIFIER = com.Arron.ZMCalendarPickerTests;
				PRODUCT_NAME = "$(TARGET_NAME)";
				TEST_HOST = "$(BUILT_PRODUCTS_DIR)/ZMCalendarPicker.app/ZMCalendarPicker";
			};
			name = Release;
		};
		B18319C11BF00CBD004E314C /* Debug */ = {
			isa = XCBuildConfiguration;
			buildSettings = {
				INFOPLIST_FILE = ZMCalendarPickerUITests/Info.plist;
				LD_RUNPATH_SEARCH_PATHS = "$(inherited) @executable_path/Frameworks @loader_path/Frameworks";
				PRODUCT_BUNDLE_IDENTIFIER = com.Arron.ZMCalendarPickerUITests;
				PRODUCT_NAME = "$(TARGET_NAME)";
				TEST_TARGET_NAME = ZMCalendarPicker;
				USES_XCTRUNNER = YES;
			};
			name = Debug;
		};
		B18319C21BF00CBD004E314C /* Release */ = {
			isa = XCBuildConfiguration;
			buildSettings = {
				INFOPLIST_FILE = ZMCalendarPickerUITests/Info.plist;
				LD_RUNPATH_SEARCH_PATHS = "$(inherited) @executable_path/Frameworks @loader_path/Frameworks";
				PRODUCT_BUNDLE_IDENTIFIER = com.Arron.ZMCalendarPickerUITests;
				PRODUCT_NAME = "$(TARGET_NAME)";
				TEST_TARGET_NAME = ZMCalendarPicker;
				USES_XCTRUNNER = YES;
			};
			name = Release;
		};
/* End XCBuildConfiguration section */

/* Begin XCConfigurationList section */
		B18319881BF00CBC004E314C /* Build configuration list for PBXProject "ZMCalendarPicker" */ = {
			isa = XCConfigurationList;
			buildConfigurations = (
				B18319B81BF00CBD004E314C /* Debug */,
				B18319B91BF00CBD004E314C /* Release */,
			);
			defaultConfigurationIsVisible = 0;
			defaultConfigurationName = Release;
		};
		B18319BA1BF00CBD004E314C /* Build configuration list for PBXNativeTarget "ZMCalendarPicker" */ = {
			isa = XCConfigurationList;
			buildConfigurations = (
				B18319BB1BF00CBD004E314C /* Debug */,
				B18319BC1BF00CBD004E314C /* Release */,
			);
			defaultConfigurationIsVisible = 0;
			defaultConfigurationName = Release;
		};
		B18319BD1BF00CBD004E314C /* Build configuration list for PBXNativeTarget "ZMCalendarPickerTests" */ = {
			isa = XCConfigurationList;
			buildConfigurations = (
				B18319BE1BF00CBD004E314C /* Debug */,
				B18319BF1BF00CBD004E314C /* Release */,
			);
			defaultConfigurationIsVisible = 0;
			defaultConfigurationName = Release;
		};
		B18319C01BF00CBD004E314C /* Build configuration list for PBXNativeTarget "ZMCalendarPickerUITests" */ = {
			isa = XCConfigurationList;
			buildConfigurations = (
				B18319C11BF00CBD004E314C /* Debug */,
				B18319C21BF00CBD004E314C /* Release */,
			);
			defaultConfigurationIsVisible = 0;
			defaultConfigurationName = Release;
		};
/* End XCConfigurationList section */
	};
	rootObject = B18319851BF00CBC004E314C /* Project object */;
}
